
Microsoft Visual Studio Solution File, Format Version 12.00
# Visual Studio 2012
Project("{FAE04EC0-301F-11D3-BF4B-00C04F79EFBC}") = "DryCleanPOS.UI", "DryCleanPOS.UI\DryCleanPOS.UI.csproj", "{CA7B3ABC-9F43-41EB-8334-F3ECB591E996}"
EndProject
Project("{FAE04EC0-301F-11D3-BF4B-00C04F79EFBC}") = "DryCleanPOS.BLL", "DryCleanPOS.BLL\DryCleanPOS.BLL.csproj", "{663965F8-83F1-4C6B-B938-9DDD08FB6A91}"
EndProject
Project("{FAE04EC0-301F-11D3-BF4B-00C04F79EFBC}") = "DryCleanPOS.DAL", "DryCleanPOS.DAL\DryCleanPOS.DAL.csproj", "{4F44AE71-8AF6-43DA-8058-0993A06C4435}"
EndProject
Global
	GlobalSection(SolutionConfigurationPlatforms) = preSolution
		Debug|Any CPU = Debug|Any CPU
		Release|Any CPU = Release|Any CPU
	EndGlobalSection
	GlobalSection(ProjectConfigurationPlatforms) = postSolution
		{CA7B3ABC-9F43-41EB-8334-F3ECB591E996}.Debug|Any CPU.ActiveCfg = Debug|Any CPU
		{CA7B3ABC-9F43-41EB-8334-F3ECB591E996}.Debug|Any CPU.Build.0 = Debug|Any CPU
		{CA7B3ABC-9F43-41EB-8334-F3ECB591E996}.Release|Any CPU.ActiveCfg = Release|Any CPU
		{CA7B3ABC-9F43-41EB-8334-F3ECB591E996}.Release|Any CPU.Build.0 = Release|Any CPU
		{663965F8-83F1-4C6B-B938-9DDD08FB6A91}.Debug|Any CPU.ActiveCfg = Debug|Any CPU
		{663965F8-83F1-4C6B-B938-9DDD08FB6A91}.Debug|Any CPU.Build.0 = Debug|Any CPU
		{663965F8-83F1-4C6B-B938-9DDD08FB6A91}.Release|Any CPU.ActiveCfg = Release|Any CPU
		{663965F8-83F1-4C6B-B938-9DDD08FB6A91}.Release|Any CPU.Build.0 = Release|Any CPU
		{4F44AE71-8AF6-43DA-8058-0993A06C4435}.Debug|Any CPU.ActiveCfg = Debug|Any CPU
		{4F44AE71-8AF6-43DA-8058-0993A06C4435}.Debug|Any CPU.Build.0 = Debug|Any CPU
		{4F44AE71-8AF6-43DA-8058-0993A06C4435}.Release|Any CPU.ActiveCfg = Release|Any CPU
		{4F44AE71-8AF6-43DA-8058-0993A06C4435}.Release|Any CPU.Build.0 = Release|Any CPU
	EndGlobalSection
	GlobalSection(SolutionProperties) = preSolution
		HideSolutionNode = FALSE
	EndGlobalSection
EndGlobal
